
Microsoft Visual Studio Solution File, Format Version 12.00
Project("{FAE04EC0-301F-11D3-BF4B-00C04F79EFBC}") = "Blazor_cours_facturation", "Blazor_cours_facturation\Blazor_cours_facturation.csproj", "{CA654B96-4952-4C2F-AF1E-02F428B6E823}"
EndProject
Global
	GlobalSection(SolutionConfigurationPlatforms) = preSolution
		Debug|Any CPU = Debug|Any CPU
		Release|Any CPU = Release|Any CPU
	EndGlobalSection
	GlobalSection(ProjectConfigurationPlatforms) = postSolution
		{CA654B96-4952-4C2F-AF1E-02F428B6E823}.Debug|Any CPU.ActiveCfg = Debug|Any CPU
		{CA654B96-4952-4C2F-AF1E-02F428B6E823}.Debug|Any CPU.Build.0 = Debug|Any CPU
		{CA654B96-4952-4C2F-AF1E-02F428B6E823}.Release|Any CPU.ActiveCfg = Release|Any CPU
		{CA654B96-4952-4C2F-AF1E-02F428B6E823}.Release|Any CPU.Build.0 = Release|Any CPU
	EndGlobalSection
EndGlobal
